[[package]]
category = "main"
description = "Reconstruct Arabic sentences to be used in applications that don't support Arabic"
name = "arabic-reshaper"
optional = false
python-versions = "*"
version = "2.1.0"

[package.dependencies]
future = "*"
setuptools = "*"

[package.extras]
with-fonttools = ["fonttools (>=3.0)", "fonttools (>=4.0)"]

[[package]]
category = "main"
description = "Fast, simple object-to-object and broadcast signaling"
name = "blinker"
optional = false
python-versions = "*"
version = "1.4"

[[package]]
category = "main"
description = "Docutils -- Python Documentation Utilities"
name = "docutils"
optional = false
python-versions = ">=2.7, !=3.0.*, !=3.1.*, !=3.2.*, !=3.3.*, !=3.4.*"
version = "0.16"

[[package]]
category = "main"
description = "Standalone version of django.utils.feedgenerator"
name = "feedgenerator"
optional = false
python-versions = "*"
version = "1.9.1"

[package.dependencies]
pytz = ">=0a"
six = "*"

[[package]]
category = "main"
description = "Clean single-source support for Python 3 and 2"
name = "future"
optional = false
python-versions = ">=2.6, !=3.0.*, !=3.1.*, !=3.2.*"
version = "0.18.2"

[[package]]
category = "main"
description = "Copy your docs directly to the gh-pages branch."
name = "ghp-import"
optional = false
python-versions = "*"
version = "0.5.5"

[[package]]
category = "main"
description = "HTML parser based on the WHATWG HTML specification"
name = "html5lib"
optional = false
python-versions = ">=2.7, !=3.0.*, !=3.1.*, !=3.2.*, !=3.3.*, !=3.4.*"
version = "1.1"

[package.dependencies]
six = ">=1.9"
webencodings = "*"

[package.extras]
all = ["genshi", "chardet (>=2.2)", "lxml"]
chardet = ["chardet (>=2.2)"]
genshi = ["genshi"]
lxml = ["lxml"]

[[package]]
category = "main"
description = "A very fast and expressive template engine."
name = "jinja2"
optional = false
python-versions = ">=2.7, !=3.0.*, !=3.1.*, !=3.2.*, !=3.3.*, !=3.4.*"
version = "2.11.2"

[package.dependencies]
MarkupSafe = ">=0.23"

[package.extras]
i18n = ["Babel (>=0.8)"]

[[package]]
category = "main"
description = "Python implementation of Markdown."
name = "markdown"
optional = false
python-versions = ">=3.6"
version = "3.3"

[package.extras]
testing = ["coverage", "pyyaml"]

[[package]]
category = "main"
description = "Safely add untrusted strings to HTML/XML markup."
name = "markupsafe"
optional = false
python-versions = ">=2.7,!=3.0.*,!=3.1.*,!=3.2.*,!=3.3.*"
version = "1.1.1"

[[package]]
category = "main"
description = "Static site generator supporting reStructuredText and Markdown source content."
name = "pelican"
optional = false
python-versions = "*"
version = "4.5.0"

[package.dependencies]
blinker = "*"
docutils = ">=0.15"
feedgenerator = ">=1.9"
jinja2 = ">=2.11"
pygments = "*"
python-dateutil = "*"
pytz = ">=0a"
unidecode = "*"

[package.extras]
markdown = ["markdown (>=3.1.1,<3.2.0)"]

[[package]]
category = "main"
description = "Python Imaging Library (Fork)"
name = "pillow"
optional = false
python-versions = ">=3.5"
version = "7.2.0"

[[package]]
category = "main"
description = "Pygments is a syntax highlighting package written in Python."
name = "pygments"
optional = false
python-versions = ">=3.5"
version = "2.7.1"

[[package]]
category = "main"
description = "PDF toolkit"
name = "pypdf2"
optional = false
python-versions = "*"
version = "1.26.0"

[[package]]
category = "main"
description = "Pure python implementation of the BiDi layout algorithm"
name = "python-bidi"
optional = false
python-versions = "*"
version = "0.4.2"

[package.dependencies]
six = "*"

[[package]]
category = "main"
description = "Extensions to the standard Python datetime module"
name = "python-dateutil"
optional = false
python-versions = "!=3.0.*,!=3.1.*,!=3.2.*,>=2.7"
version = "2.8.1"

[package.dependencies]
six = ">=1.5"

[[package]]
category = "main"
description = "World timezone definitions, modern and historical"
name = "pytz"
optional = false
python-versions = "*"
version = "2020.1"

[[package]]
category = "main"
description = "The Reportlab Toolkit"
name = "reportlab"
optional = false
python-versions = "*"
version = "3.5.53"

[package.dependencies]
pillow = ">=4.0.0"

[[package]]
category = "main"
description = "Python 2 and 3 compatibility utilities"
name = "six"
optional = false
python-versions = ">=2.7, !=3.0.*, !=3.1.*, !=3.2.*"
version = "1.15.0"

[[package]]
category = "main"
description = "Python with the SmartyPants"
name = "smartypants"
optional = false
python-versions = "*"
version = "2.0.1"

[[package]]
category = "main"
description = "Filters to enhance web typography, including support for Django & Jinja templates"
name = "typogrify"
optional = false
python-versions = "*"
version = "2.0.7"

[package.dependencies]
smartypants = ">=1.8.3"

[[package]]
category = "main"
description = "ASCII transliterations of Unicode text"
name = "unidecode"
optional = false
python-versions = ">=2.7, !=3.0.*, !=3.1.*, !=3.2.*, !=3.3.*"
version = "1.1.1"

[[package]]
category = "main"
description = "Character encoding aliases for legacy web content"
name = "webencodings"
optional = false
python-versions = "*"
version = "0.5.1"

[[package]]
category = "main"
description = "PDF generator using HTML and CSS"
name = "xhtml2pdf"
optional = false
python-versions = "*"
version = "0.2.5"

[package.dependencies]
Pillow = "*"
arabic-reshaper = ">=2.1.0"
html5lib = ">=1.0"
pyPdf2 = "*"
python-bidi = ">=0.4.2"
reportlab = ">=3.3.0"
six = "*"

[metadata]
content-hash = "58214874e7c2e585a93a1dfd59a4d8ffebc9291c231543841e4151192934d2b0"
python-versions = "^3.8"

[metadata.files]
arabic-reshaper = [
    {file = "arabic_reshaper-2.1.0-py2-none-any.whl", hash = "sha256:9d0b9fcc97b176c6fc85269ab941d6cfa17ba77d74b5b451f6204d8f63dd84cd"},
    {file = "arabic_reshaper-2.1.0.tar.gz", hash = "sha256:83d21b3a9974784f1804ef566e7ed3f287c4f3a40d9554b3c01cc5930ff66ec8"},
]
blinker = [
    {file = "blinker-1.4.tar.gz", hash = "sha256:471aee25f3992bd325afa3772f1063dbdbbca947a041b8b89466dc00d606f8b6"},
]
docutils = [
    {file = "docutils-0.16-py2.py3-none-any.whl", hash = "sha256:0c5b78adfbf7762415433f5515cd5c9e762339e23369dbe8000d84a4bf4ab3af"},
    {file = "docutils-0.16.tar.gz", hash = "sha256:c2de3a60e9e7d07be26b7f2b00ca0309c207e06c100f9cc2a94931fc75a478fc"},
]
feedgenerator = [
    {file = "feedgenerator-1.9.1-py3-none-any.whl", hash = "sha256:a81d240a2c74a2ae80c393cfe374aff1a19ed3fe41a488eacc66edbe46d3f422"},
    {file = "feedgenerator-1.9.1.tar.gz", hash = "sha256:a28a5add781509390d1a6a52d017829853ee4bef1d2e7b4d5da0e9d1b395ce54"},
]
future = [
    {file = "future-0.18.2.tar.gz", hash = "sha256:b1bead90b70cf6ec3f0710ae53a525360fa360d306a86583adc6bf83a4db537d"},
]
ghp-import = [
    {file = "ghp-import-0.5.5.tar.gz", hash = "sha256:3e924ea720e4e1f82d56753db2154bfb86067472c5830732159c3a4c4fbc75d7"},
]
html5lib = [
    {file = "html5lib-1.1-py2.py3-none-any.whl", hash = "sha256:0d78f8fde1c230e99fe37986a60526d7049ed4bf8a9fadbad5f00e22e58e041d"},
    {file = "html5lib-1.1.tar.gz", hash = "sha256:b2e5b40261e20f354d198eae92afc10d750afb487ed5e50f9c4eaf07c184146f"},
]
jinja2 = [
    {file = "Jinja2-2.11.2-py2.py3-none-any.whl", hash = "sha256:f0a4641d3cf955324a89c04f3d94663aa4d638abe8f733ecd3582848e1c37035"},
    {file = "Jinja2-2.11.2.tar.gz", hash = "sha256:89aab215427ef59c34ad58735269eb58b1a5808103067f7bb9d5836c651b3bb0"},
]
markdown = [
    {file = "Markdown-3.3-py3-none-any.whl", hash = "sha256:fbb1ba54ca41e8991dc5a561d9c6f752f5e4546f8750e56413ea50f2385761d3"},
    {file = "Markdown-3.3.tar.gz", hash = "sha256:4f4172a4e989b97f96860fa434b89895069c576e2b537c4b4eed265266a7affc"},
]
markupsafe = [
    {file = "MarkupSafe-1.1.1-cp27-cp27m-macosx_10_6_intel.whl", hash = "sha256:09027a7803a62ca78792ad89403b1b7a73a01c8cb65909cd876f7fcebd79b161"},
    {file = "MarkupSafe-1.1.1-cp27-cp27m-manylinux1_i686.whl", hash = "sha256:e249096428b3ae81b08327a63a485ad0878de3fb939049038579ac0ef61e17e7"},
    {file = "MarkupSafe-1.1.1-cp27-cp27m-manylinux1_x86_64.whl", hash = "sha256:500d4957e52ddc3351cabf489e79c91c17f6e0899158447047588650b5e69183"},
    {file = "MarkupSafe-1.1.1-cp27-cp27m-win32.whl", hash = "sha256:b2051432115498d3562c084a49bba65d97cf251f5a331c64a12ee7e04dacc51b"},
    {file = "MarkupSafe-1.1.1-cp27-cp27m-win_amd64.whl", hash = "sha256:98c7086708b163d425c67c7a91bad6e466bb99d797aa64f965e9d25c12111a5e"},
    {file = "MarkupSafe-1.1.1-cp27-cp27mu-manylinux1_i686.whl", hash = "sha256:cd5df75523866410809ca100dc9681e301e3c27567cf498077e8551b6d20e42f"},
    {file = "MarkupSafe-1.1.1-cp27-cp27mu-manylinux1_x86_64.whl", hash = "sha256:43a55c2930bbc139570ac2452adf3d70cdbb3cfe5912c71cdce1c2c6bbd9c5d1"},
    {file = "MarkupSafe-1.1.1-cp34-cp34m-macosx_10_6_intel.whl", hash = "sha256:1027c282dad077d0bae18be6794e6b6b8c91d58ed8a8d89a89d59693b9131db5"},
    {file = "MarkupSafe-1.1.1-cp34-cp34m-manylinux1_i686.whl", hash = "sha256:62fe6c95e3ec8a7fad637b7f3d372c15ec1caa01ab47926cfdf7a75b40e0eac1"},
    {file = "MarkupSafe-1.1.1-cp34-cp34m-manylinux1_x86_64.whl", hash = "sha256:88e5fcfb52ee7b911e8bb6d6aa2fd21fbecc674eadd44118a9cc3863f938e735"},
    {file = "MarkupSafe-1.1.1-cp34-cp34m-win32.whl", hash = "sha256:ade5e387d2ad0d7ebf59146cc00c8044acbd863725f887353a10df825fc8ae21"},
    {file = "MarkupSafe-1.1.1-cp34-cp34m-win_amd64.whl", hash = "sha256:09c4b7f37d6c648cb13f9230d847adf22f8171b1ccc4d5682398e77f40309235"},
    {file = "MarkupSafe-1.1.1-cp35-cp35m-macosx_10_6_intel.whl", hash = "sha256:79855e1c5b8da654cf486b830bd42c06e8780cea587384cf6545b7d9ac013a0b"},
    {file = "MarkupSafe-1.1.1-cp35-cp35m-manylinux1_i686.whl", hash = "sha256:c8716a48d94b06bb3b2524c2b77e055fb313aeb4ea620c8dd03a105574ba704f"},
    {file = "MarkupSafe-1.1.1-cp35-cp35m-manylinux1_x86_64.whl", hash = "sha256:7c1699dfe0cf8ff607dbdcc1e9b9af1755371f92a68f706051cc8c37d447c905"},
    {file = "MarkupSafe-1.1.1-cp35-cp35m-win32.whl", hash = "sha256:6dd73240d2af64df90aa7c4e7481e23825ea70af4b4922f8ede5b9e35f78a3b1"},
    {file = "MarkupSafe-1.1.1-cp35-cp35m-win_amd64.whl", hash = "sha256:9add70b36c5666a2ed02b43b335fe19002ee5235efd4b8a89bfcf9005bebac0d"},
    {file = "MarkupSafe-1.1.1-cp36-cp36m-macosx_10_6_intel.whl", hash = "sha256:24982cc2533820871eba85ba648cd53d8623687ff11cbb805be4ff7b4c971aff"},
    {file = "MarkupSafe-1.1.1-cp36-cp36m-manylinux1_i686.whl", hash = "sha256:00bc623926325b26bb9605ae9eae8a215691f33cae5df11ca5424f06f2d1f473"},
    {file = "MarkupSafe-1.1.1-cp36-cp36m-manylinux1_x86_64.whl", hash = "sha256:717ba8fe3ae9cc0006d7c451f0bb265ee07739daf76355d06366154ee68d221e"},
    {file = "MarkupSafe-1.1.1-cp36-cp36m-win32.whl", hash = "sha256:535f6fc4d397c1563d08b88e485c3496cf5784e927af890fb3c3aac7f933ec66"},
    {file = "MarkupSafe-1.1.1-cp36-cp36m-win_amd64.whl", hash = "sha256:b1282f8c00509d99fef04d8ba936b156d419be841854fe901d8ae224c59f0be5"},
    {file = "MarkupSafe-1.1.1-cp37-cp37m-macosx_10_6_intel.whl", hash = "sha256:8defac2f2ccd6805ebf65f5eeb132adcf2ab57aa11fdf4c0dd5169a004710e7d"},
    {file = "MarkupSafe-1.1.1-cp37-cp37m-manylinux1_i686.whl", hash = "sha256:46c99d2de99945ec5cb54f23c8cd5689f6d7177305ebff350a58ce5f8de1669e"},
    {file = "MarkupSafe-1.1.1-cp37-cp37m-manylinux1_x86_64.whl", hash = "sha256:ba59edeaa2fc6114428f1637ffff42da1e311e29382d81b339c1817d37ec93c6"},
    {file = "MarkupSafe-1.1.1-cp37-cp37m-win32.whl", hash = "sha256:b00c1de48212e4cc9603895652c5c410df699856a2853135b3967591e4beebc2"},
    {file = "MarkupSafe-1.1.1-cp37-cp37m-win_amd64.whl", hash = "sha256:9bf40443012702a1d2070043cb6291650a0841ece432556f784f004937f0f32c"},
    {file = "MarkupSafe-1.1.1-cp38-cp38-macosx_10_9_x86_64.whl", hash = "sha256:6788b695d50a51edb699cb55e35487e430fa21f1ed838122d722e0ff0ac5ba15"},
    {file = "MarkupSafe-1.1.1-cp38-cp38-manylinux1_i686.whl", hash = "sha256:cdb132fc825c38e1aeec2c8aa9338310d29d337bebbd7baa06889d09a60a1fa2"},
    {file = "MarkupSafe-1.1.1-cp38-cp38-manylinux1_x86_64.whl", hash = "sha256:13d3144e1e340870b25e7b10b98d779608c02016d5184cfb9927a9f10c689f42"},
    {file = "MarkupSafe-1.1.1-cp38-cp38-win32.whl", hash = "sha256:596510de112c685489095da617b5bcbbac7dd6384aeebeda4df6025d0256a81b"},
    {file = "MarkupSafe-1.1.1-cp38-cp38-win_amd64.whl", hash = "sha256:e8313f01ba26fbbe36c7be1966a7b7424942f670f38e666995b88d012765b9be"},
    {file = "MarkupSafe-1.1.1.tar.gz", hash = "sha256:29872e92839765e546828bb7754a68c418d927cd064fd4708fab9fe9c8bb116b"},
]
pelican = [
    {file = "pelican-4.5.0-py2.py3-none-any.whl", hash = "sha256:2c5c721bc95caa406673d74a5b906f42289930dabee598b41930a18cf98742a5"},
    {file = "pelican-4.5.0.tar.gz", hash = "sha256:d08119a3ed3eb7d3f2d0a9a5b929be648ad3c84d018b19517ecc608383b824e6"},
]
pillow = [
    {file = "Pillow-7.2.0-cp35-cp35m-macosx_10_10_intel.whl", hash = "sha256:1ca594126d3c4def54babee699c055a913efb01e106c309fa6b04405d474d5ae"},
    {file = "Pillow-7.2.0-cp35-cp35m-manylinux1_i686.whl", hash = "sha256:c92302a33138409e8f1ad16731568c55c9053eee71bb05b6b744067e1b62380f"},
    {file = "Pillow-7.2.0-cp35-cp35m-manylinux1_x86_64.whl", hash = "sha256:8dad18b69f710bf3a001d2bf3afab7c432785d94fcf819c16b5207b1cfd17d38"},
    {file = "Pillow-7.2.0-cp35-cp35m-manylinux2014_aarch64.whl", hash = "sha256:431b15cffbf949e89df2f7b48528be18b78bfa5177cb3036284a5508159492b5"},
    {file = "Pillow-7.2.0-cp35-cp35m-win32.whl", hash = "sha256:09d7f9e64289cb40c2c8d7ad674b2ed6105f55dc3b09aa8e4918e20a0311e7ad"},
    {file = "Pillow-7.2.0-cp35-cp35m-win_amd64.whl", hash = "sha256:0295442429645fa16d05bd567ef5cff178482439c9aad0411d3f0ce9b88b3a6f"},
    {file = "Pillow-7.2.0-cp36-cp36m-macosx_10_10_x86_64.whl", hash = "sha256:ec29604081f10f16a7aea809ad42e27764188fc258b02259a03a8ff7ded3808d"},
    {file = "Pillow-7.2.0-cp36-cp36m-manylinux1_i686.whl", hash = "sha256:612cfda94e9c8346f239bf1a4b082fdd5c8143cf82d685ba2dba76e7adeeb233"},
    {file = "Pillow-7.2.0-cp36-cp36m-manylinux1_x86_64.whl", hash = "sha256:0a80dd307a5d8440b0a08bd7b81617e04d870e40a3e46a32d9c246e54705e86f"},
    {file = "Pillow-7.2.0-cp36-cp36m-manylinux2014_aarch64.whl", hash = "sha256:06aba4169e78c439d528fdeb34762c3b61a70813527a2c57f0540541e9f433a8"},
    {file = "Pillow-7.2.0-cp36-cp36m-win32.whl", hash = "sha256:f7e30c27477dffc3e85c2463b3e649f751789e0f6c8456099eea7ddd53be4a8a"},
    {file = "Pillow-7.2.0-cp36-cp36m-win_amd64.whl", hash = "sha256:ffe538682dc19cc542ae7c3e504fdf54ca7f86fb8a135e59dd6bc8627eae6cce"},
    {file = "Pillow-7.2.0-cp37-cp37m-macosx_10_10_x86_64.whl", hash = "sha256:94cf49723928eb6070a892cb39d6c156f7b5a2db4e8971cb958f7b6b104fb4c4"},
    {file = "Pillow-7.2.0-cp37-cp37m-manylinux1_i686.whl", hash = "sha256:6edb5446f44d901e8683ffb25ebdfc26988ee813da3bf91e12252b57ac163727"},
    {file = "Pillow-7.2.0-cp37-cp37m-manylinux1_x86_64.whl", hash = "sha256:52125833b070791fcb5710fabc640fc1df07d087fc0c0f02d3661f76c23c5b8b"},
    {file = "Pillow-7.2.0-cp37-cp37m-manylinux2014_aarch64.whl", hash = "sha256:9ad7f865eebde135d526bb3163d0b23ffff365cf87e767c649550964ad72785d"},
    {file = "Pillow-7.2.0-cp37-cp37m-win32.whl", hash = "sha256:c79f9c5fb846285f943aafeafda3358992d64f0ef58566e23484132ecd8d7d63"},
    {file = "Pillow-7.2.0-cp37-cp37m-win_amd64.whl", hash = "sha256:d350f0f2c2421e65fbc62690f26b59b0bcda1b614beb318c81e38647e0f673a1"},
    {file = "Pillow-7.2.0-cp38-cp38-macosx_10_10_x86_64.whl", hash = "sha256:6d7741e65835716ceea0fd13a7d0192961212fd59e741a46bbed7a473c634ed6"},
    {file = "Pillow-7.2.0-cp38-cp38-manylinux1_i686.whl", hash = "sha256:edf31f1150778abd4322444c393ab9c7bd2af271dd4dafb4208fb613b1f3cdc9"},
    {file = "Pillow-7.2.0-cp38-cp38-manylinux1_x86_64.whl", hash = "sha256:d08b23fdb388c0715990cbc06866db554e1822c4bdcf6d4166cf30ac82df8c41"},
    {file = "Pillow-7.2.0-cp38-cp38-manylinux2014_aarch64.whl", hash = "sha256:5e51ee2b8114def244384eda1c82b10e307ad9778dac5c83fb0943775a653cd8"},
    {file = "Pillow-7.2.0-cp38-cp38-win32.whl", hash = "sha256:725aa6cfc66ce2857d585f06e9519a1cc0ef6d13f186ff3447ab6dff0a09bc7f"},
    {file = "Pillow-7.2.0-cp38-cp38-win_amd64.whl", hash = "sha256:a060cf8aa332052df2158e5a119303965be92c3da6f2d93b6878f0ebca80b2f6"},
    {file = "Pillow-7.2.0-pp36-pypy36_pp73-macosx_10_10_x86_64.whl", hash = "sha256:9c87ef410a58dd54b92424ffd7e28fd2ec65d2f7fc02b76f5e9b2067e355ebf6"},
    {file = "Pillow-7.2.0-pp36-pypy36_pp73-manylinux2010_x86_64.whl", hash = "sha256:e901964262a56d9ea3c2693df68bc9860b8bdda2b04768821e4c44ae797de117"},
    {file = "Pillow-7.2.0-pp36-pypy36_pp73-win32.whl", hash = "sha256:25930fadde8019f374400f7986e8404c8b781ce519da27792cbe46eabec00c4d"},
    {file = "Pillow-7.2.0.tar.gz", hash = "sha256:97f9e7953a77d5a70f49b9a48da7776dc51e9b738151b22dacf101641594a626"},
]
pygments = [
    {file = "Pygments-2.7.1-py3-none-any.whl", hash = "sha256:307543fe65c0947b126e83dd5a61bd8acbd84abec11f43caebaf5534cbc17998"},
    {file = "Pygments-2.7.1.tar.gz", hash = "sha256:926c3f319eda178d1bd90851e4317e6d8cdb5e292a3386aac9bd75eca29cf9c7"},
]
pypdf2 = [
    {file = "PyPDF2-1.26.0.tar.gz", hash = "sha256:e28f902f2f0a1603ea95ebe21dff311ef09be3d0f0ef29a3e44a932729564385"},
]
python-bidi = [
    {file = "python-bidi-0.4.2.tar.gz", hash = "sha256:5347f71e82b3e9976dc657f09ded2bfe39ba8d6777ca81a5b2c56c30121c496e"},
    {file = "python_bidi-0.4.2-py2.py3-none-any.whl", hash = "sha256:50eef6f6a0bbdd685f9e8c207f3c9050f5b578d0a46e37c76a9c4baea2cc2e13"},
]
python-dateutil = [
    {file = "python-dateutil-2.8.1.tar.gz", hash = "sha256:73ebfe9dbf22e832286dafa60473e4cd239f8592f699aa5adaf10050e6e1823c"},
    {file = "python_dateutil-2.8.1-py2.py3-none-any.whl", hash = "sha256:75bb3f31ea686f1197762692a9ee6a7550b59fc6ca3a1f4b5d7e32fb98e2da2a"},
]
pytz = [
    {file = "pytz-2020.1-py2.py3-none-any.whl", hash = "sha256:a494d53b6d39c3c6e44c3bec237336e14305e4f29bbf800b599253057fbb79ed"},
    {file = "pytz-2020.1.tar.gz", hash = "sha256:c35965d010ce31b23eeb663ed3cc8c906275d6be1a34393a1d73a41febf4a048"},
]
reportlab = [
    {file = "reportlab-3.5.53-cp27-cp27m-macosx_10_9_x86_64.whl", hash = "sha256:73bc92579692609837fb13f271f7436fdb7b6ddebb9e10185452d45814c365c3"},
    {file = "reportlab-3.5.53-cp27-cp27m-manylinux1_i686.whl", hash = "sha256:b727050ec5dfc4baeded07199d4640156f360ff4624b0194d8e91b234fc0c26b"},
    {file = "reportlab-3.5.53-cp27-cp27m-manylinux1_x86_64.whl", hash = "sha256:d930a3de0fa9711b9c960dee92ff2b30c3f69568f00f0244834fe28d5563ea9b"},
    {file = "reportlab-3.5.53-cp27-cp27m-manylinux2010_i686.whl", hash = "sha256:9c7173def03fd3048f07bce00d4ca4793efc37239811d9b3eb77edb561363cd2"},
    {file = "reportlab-3.5.53-cp27-cp27m-manylinux2010_x86_64.whl", hash = "sha256:4cdb2ab88839f0d36364b71744b742e09699bde9b943aa35da26580831c3f106"},
    {file = "reportlab-3.5.53-cp27-cp27m-win32.whl", hash = "sha256:d6bd4d59f4b558165f05f9f7dfad37b9d788bcc05c0b37a6b0fcb6165d6893ec"},
    {file = "reportlab-3.5.53-cp27-cp27m-win_amd64.whl", hash = "sha256:886bdc7c13e6c6513696eb044000491c787fd53a486aa3adea060d34aa3cd028"},
    {file = "reportlab-3.5.53-cp27-cp27mu-manylinux1_i686.whl", hash = "sha256:a5398e7af6136c25a34569132e7e2646c72a2f89e53028ef109fb03b5a2923a6"},
    {file = "reportlab-3.5.53-cp27-cp27mu-manylinux1_x86_64.whl", hash = "sha256:9765c0eec5e6927aaccf6bd460fe24a014d35a3979f2c7507644fd5946775921"},
    {file = "reportlab-3.5.53-cp27-cp27mu-manylinux2010_i686.whl", hash = "sha256:7931097db5f18e3ac6909a223e94dd3ad0258541f9802effa5b8f519ef9278e4"},
    {file = "reportlab-3.5.53-cp27-cp27mu-manylinux2010_x86_64.whl", hash = "sha256:d75114965cc84ee51aaf3d7eda90f3554f3ac67350ebacd1dbb9193a7a525e21"},
    {file = "reportlab-3.5.53-cp35-cp35m-macosx_10_6_intel.whl", hash = "sha256:067800caa12ea69e8df0a9206a7eda6697f91a33edb8413b778647d270bc9f34"},
    {file = "reportlab-3.5.53-cp35-cp35m-manylinux1_i686.whl", hash = "sha256:04fd4a129393006c4ba9cd9fff56b78ad60fe6702326e9260f55d4abac9f1df2"},
    {file = "reportlab-3.5.53-cp35-cp35m-manylinux1_x86_64.whl", hash = "sha256:1880282b9a278b4df5139b2083b9116388d9e1fb4a438c60b3cc4ad983da1bc5"},
    {file = "reportlab-3.5.53-cp35-cp35m-manylinux2010_i686.whl", hash = "sha256:e7b7e4a0ce0f455a4777528a8a316e87cc6cf887eaa2a4e6a0cc103f031c57c2"},
    {file = "reportlab-3.5.53-cp35-cp35m-manylinux2010_x86_64.whl", hash = "sha256:8c242a2be8d71ff18e11938cf45114d1144544984cd34fea0606f04144d62bea"},
    {file = "reportlab-3.5.53-cp35-cp35m-win32.whl", hash = "sha256:155887770694a1febb4b1bcd2e2856c931225fa1fe8c5ef6772fce47c07f6204"},
    {file = "reportlab-3.5.53-cp35-cp35m-win_amd64.whl", hash = "sha256:e32af1e47076a3fc77e6be5f7e2c8cbbc82fe493a5cd3f6190c0f8980c401e59"},
    {file = "reportlab-3.5.53-cp36-cp36m-macosx_10_9_x86_64.whl", hash = "sha256:3858534058ab99fbedb34ceae31f85bbadeeb8e4dbb78a58927599a6f0422617"},
    {file = "reportlab-3.5.53-cp36-cp36m-manylinux1_i686.whl", hash = "sha256:2dc571be9d2fec76f8bddb540581429eb16057ff9101767d8b15166ad1de70db"},
    {file = "reportlab-3.5.53-cp36-cp36m-manylinux1_x86_64.whl", hash = "sha256:35dda0a1994a8fc009bf5826fe34dcdb15e561b05a5a01c506d949accfbdf027"},
    {file = "reportlab-3.5.53-cp36-cp36m-manylinux2010_i686.whl", hash = "sha256:2248f9c362f417d108329fdf5083ede1914757534f1b255d6c37a9a6d99c5efe"},
    {file = "reportlab-3.5.53-cp36-cp36m-manylinux2010_x86_64.whl", hash = "sha256:d78fdb967bd7652515d9a23ff3088e32e32ef96332737696e9eb0fda5602bf81"},
    {file = "reportlab-3.5.53-cp36-cp36m-win32.whl", hash = "sha256:4710d237fe9f729eacbbb7477d14eea00781704e0cdb83c789e610365e40627f"},
    {file = "reportlab-3.5.53-cp36-cp36m-win_amd64.whl", hash = "sha256:7eb3d96adb309593bded364d25a32b80f9dc18b2f9a4b2001972194027a77eef"},
    {file = "reportlab-3.5.53-cp37-cp37m-macosx_10_9_x86_64.whl", hash = "sha256:a1d0e20cae86c6ba5e6626a9e07eca4d298341adfee778f87d5837bc76912135"},
    {file = "reportlab-3.5.53-cp37-cp37m-manylinux1_i686.whl", hash = "sha256:b18ea3593d4edc7f05c510ab298d48548d9a4473a643f37661b1669365d7d33c"},
    {file = "reportlab-3.5.53-cp37-cp37m-manylinux1_x86_64.whl", hash = "sha256:e50de7d196f2d3940f3fdea0f30bf67929686d57285b3779fb071d05a810d65f"},
    {file = "reportlab-3.5.53-cp37-cp37m-manylinux2010_i686.whl", hash = "sha256:106a61093cf6084fbcb1272768f090b06137027e09c5e53c573c6c7b90216066"},
    {file = "reportlab-3.5.53-cp37-cp37m-manylinux2010_x86_64.whl", hash = "sha256:ce7c13eb469f864085a546881a3bc9b46e20a73dc1a43b9e84153833e628dee3"},
    {file = "reportlab-3.5.53-cp37-cp37m-win32.whl", hash = "sha256:e8dd01462a1bb41b6806aa93a703100d3fbba760f8feca96fcec710db9384a25"},
    {file = "reportlab-3.5.53-cp37-cp37m-win_amd64.whl", hash = "sha256:a690fe672aa51ee3a6ff4c96d2f5d9744d3b6f27c999a795b9c513923f875bfc"},
    {file = "reportlab-3.5.53-cp38-cp38-macosx_10_9_x86_64.whl", hash = "sha256:5e995f77124933d3e16ddc09f95ab36793083a1cb08ed2557811f8cfb254434b"},
    {file = "reportlab-3.5.53-cp38-cp38-manylinux1_i686.whl", hash = "sha256:17c906bc410f5eef01795d709ad88663ab98447683d21b6e97bac9b366504a8a"},
    {file = "reportlab-3.5.53-cp38-cp38-manylinux1_x86_64.whl", hash = "sha256:8f2759d2a81ee992054e7a1123cadd6baff4edecc1249e503bb6decd6b55e8ee"},
    {file = "reportlab-3.5.53-cp38-cp38-manylinux2010_i686.whl", hash = "sha256:be53e8423f35d3c80b0560aec034226fdab5623bb4d64b962c3f04b65980b3e0"},
    {file = "reportlab-3.5.53-cp38-cp38-manylinux2010_x86_64.whl", hash = "sha256:0145233d3596fa5828972eb474b5a9f3fd5dea45d6f196fe006a7a7a461fcd03"},
    {file = "reportlab-3.5.53-cp38-cp38-win32.whl", hash = "sha256:13afbdca2b0844c19ee6804220bb96630f44ffa2571781de66a04e3f83609295"},
    {file = "reportlab-3.5.53-cp38-cp38-win_amd64.whl", hash = "sha256:c70e9c9cfdc0596c3912e0d147f42e83c7ac5642ac82d6fe05d85a6326bae14d"},
    {file = "reportlab-3.5.53.tar.gz", hash = "sha256:49e32586d3a814a5f77407c0590504a72743ca278518b3c0f90182430f2d87af"},
]
six = [
    {file = "six-1.15.0-py2.py3-none-any.whl", hash = "sha256:8b74bedcbbbaca38ff6d7491d76f2b06b3592611af620f8426e82dddb04a5ced"},
    {file = "six-1.15.0.tar.gz", hash = "sha256:30639c035cdb23534cd4aa2dd52c3bf48f06e5f4a941509c8bafd8ce11080259"},
]
smartypants = [
    {file = "smartypants-2.0.1-py2.py3-none-any.whl", hash = "sha256:8db97f7cbdf08d15b158a86037cd9e116b4cf37703d24e0419a0d64ca5808f0d"},
]
typogrify = [
    {file = "typogrify-2.0.7.tar.gz", hash = "sha256:8be4668cda434163ce229d87ca273a11922cb1614cb359970b7dc96eed13cb38"},
]
unidecode = [
    {file = "Unidecode-1.1.1-py2.py3-none-any.whl", hash = "sha256:1d7a042116536098d05d599ef2b8616759f02985c85b4fef50c78a5aaf10822a"},
    {file = "Unidecode-1.1.1.tar.gz", hash = "sha256:2b6aab710c2a1647e928e36d69c21e76b453cd455f4e2621000e54b2a9b8cce8"},
]
webencodings = [
    {file = "webencodings-0.5.1-py2.py3-none-any.whl", hash = "sha256:a0af1213f3c2226497a97e2b3aa01a7e4bee4f403f95be16fc9acd2947514a78"},
    {file = "webencodings-0.5.1.tar.gz", hash = "sha256:b36a1c245f2d304965eb4e0a82848379241dc04b865afcc4aab16748587e1923"},
]
xhtml2pdf = [
    {file = "xhtml2pdf-0.2.5.tar.gz", hash = "sha256:6797e974fac66f0efbe927c1539a2756ca4fe8777eaa5882bac132fc76b39421"},
]
